// !$*UTF8*$!
{
	archiveVersion = 1;
	classes = {
	};
	objectVersion = 46;
	objects = {

/* Begin PBXBuildFile section */
		67EC766F1E1C727A007FB887 /* AppDelegate.swift in Sources */ = {isa = PBXBuildFile; fileRef = 67EC766E1E1C727A007FB887 /* AppDelegate.swift */; };
		67EC76711E1C727A007FB887 /* ViewController.swift in Sources */ = {isa = PBXBuildFile; fileRef = 67EC76701E1C727A007FB887 /* ViewController.swift */; };
		67EC76741E1C727A007FB887 /* Main.storyboard in Resources */ = {isa = PBXBuildFile; fileRef = 67EC76721E1C727A007FB887 /* Main.storyboard */; };
		67EC76761E1C727A007FB887 /* Assets.xcassets in Resources */ = {isa = PBXBuildFile; fileRef = 67EC76751E1C727A007FB887 /* Assets.xcassets */; };
		67EC76791E1C727A007FB887 /* LaunchScreen.storyboard in Resources */ = {isa = PBXBuildFile; fileRef = 67EC76771E1C727A007FB887 /* LaunchScreen.storyboard */; };
/* End PBXBuildFile section */

/* Begin PBXFileReference section */
		67EC766B1E1C727A007FB887 /* gifs.app */ = {isa = PBXFileReference; explicitFileType = wrapper.application; includeInIndex = 0; path = gifs.app; sourceTree = BUILT_PRODUCTS_DIR; };
		67EC766E1E1C727A007FB887 /* AppDelegate.swift */ = {isa = PBXFileReference; lastKnownFileType = sourcecode.swift; path = AppDelegate.swift; sourceTree = "<group>"; };
		67EC76701E1C727A007FB887 /* ViewController.swift */ = {isa = PBXFileReference; lastKnownFileType = sourcecode.swift; path = ViewController.swift; sourceTree = "<group>"; };
		67EC76731E1C727A007FB887 /* Base */ = {isa = PBXFileReference; lastKnownFileType = file.storyboard; name = Base; path = Base.lproj/Main.storyboard; sourceTree = "<group>"; };
		67EC76751E1C727A007FB887 /* Assets.xcassets */ = {isa = PBXFileReference; lastKnownFileType = folder.assetcatalog; path = Assets.xcassets; sourceTree = "<group>"; };
		67EC76781E1C727A007FB887 /* Base */ = {isa = PBXFileReference; lastKnownFileType = file.storyboard; name = Base; path = Base.lproj/LaunchScreen.storyboard; sourceTree = "<group>"; };
		67EC767A1E1C727A007FB887 /* Info.plist */ = {isa = PBXFileReference; lastKnownFileType = text.plist.xml; path = Info.plist; sourceTree = "<group>"; };
/* End PBXFileReference section */

/* Begin PBXFrameworksBuildPhase section */
		67EC76681E1C727A007FB887 /* Frameworks */ = {
			isa = PBXFrameworksBuildPhase;
			buildActionMask = 2147483647;
			files = (
			);
			runOnlyForDeploymentPostprocessing = 0;
		};
/* End PBXFrameworksBuildPhase section */

/* Begin PBXGroup section */
		67EC76621E1C727A007FB887 = {
			isa = PBXGroup;
			children = (
				67EC766D1E1C727A007FB887 /* gifs */,
				67EC766C1E1C727A007FB887 /* Products */,
			);
			sourceTree = "<group>";
		};
		67EC766C1E1C727A007FB887 /* Products */ = {
			isa = PBXGroup;
			children = (
				67EC766B1E1C727A007FB887 /* gifs.app */,
			);
			name = Products;
			sourceTree = "<group>";
		};
		67EC766D1E1C727A007FB887 /* gifs */ = {
			isa = PBXGroup;
			children = (
				67EC766E1E1C727A007FB887 /* AppDelegate.swift */,
				67EC76701E1C727A007FB887 /* ViewController.swift */,
				67EC76721E1C727A007FB887 /* Main.storyboard */,
				67EC76751E1C727A007FB887 /* Assets.xcassets */,
				67EC76771E1C727A007FB887 /* LaunchScreen.storyboard */,
				67EC767A1E1C727A007FB887 /* Info.plist */,
			);
			path = gifs;
			sourceTree = "<group>";
		};
/* End PBXGroup section */

/* Begin PBXNativeTarget section */
		67EC766A1E1C727A007FB887 /* gifs */ = {
			isa = PBXNativeTarget;
			buildConfigurationList = 67EC767D1E1C727A007FB887 /* Build configuration list for PBXNativeTarget "gifs" */;
			buildPhases = (
				67EC76671E1C727A007FB887 /* Sources */,
				67EC76681E1C727A007FB887 /* Frameworks */,
				67EC76691E1C727A007FB887 /* Resources */,
			);
			buildRules = (
			);
			dependencies = (
			);
			name = gifs;
			productName = gifs;
			productReference = 67EC766B1E1C727A007FB887 /* gifs.app */;
			productType = "com.apple.product-type.application";
		};
/* End PBXNativeTarget section */

/* Begin PBXProject section */
		67EC76631E1C727A007FB887 /* Project object */ = {
			isa = PBXProject;
			attributes = {
				LastSwiftUpdateCheck = 0820;
				LastUpgradeCheck = 0820;
				ORGANIZATIONNAME = eneff;
				TargetAttributes = {
					67EC766A1E1C727A007FB887 = {
						CreatedOnToolsVersion = 8.2.1;
						DevelopmentTeam = PW4Q8885U7;
						ProvisioningStyle = Automatic;
					};
				};
			};
			buildConfigurationList = 67EC76661E1C727A007FB887 /* Build configuration list for PBXProject "gifs" */;
			compatibilityVersion = "Xcode 3.2";
			developmentRegion = English;
			hasScannedForEncodings = 0;
			knownRegions = (
				en,
				Base,
			);
			mainGroup = 67EC76621E1C727A007FB887;
			productRefGroup = 67EC766C1E1C727A007FB887 /* Products */;
			projectDirPath = "";
			projectRoot = "";
			targets = (
				67EC766A1E1C727A007FB887 /* gifs */,
			);
		};
/* End PBXProject section */

/* Begin PBXResourcesBuildPhase section */
		67EC76691E1C727A007FB887 /* Resources */ = {
			isa = PBXResourcesBuildPhase;
			buildActionMask = 2147483647;
			files = (
				67EC76791E1C727A007FB887 /* LaunchScreen.storyboard in Resources */,
				67EC76761E1C727A007FB887 /* Assets.xcassets in Resources */,
				67EC76741E1C727A007FB887 /* Main.storyboard in Resources */,
			);
			runOnlyForDeploymentPostprocessing = 0;
		};
/* End PBXResourcesBuildPhase section */

/* Begin PBXSourcesBuildPhase section */
		67EC76671E1C727A007FB887 /* Sources */ = {
			isa = PBXSourcesBuildPhase;
			buildActionMask = 2147483647;
			files = (
				67EC76711E1C727A007FB887 /* ViewController.swift in Sources */,
				67EC766F1E1C727A007FB887 /* AppDelegate.swift in Sources */,
			);
			runOnlyForDeploymentPostprocessing = 0;
		};
/* End PBXSourcesBuildPhase section */

/* Begin PBXVariantGroup section */
		67EC76721E1C727A007FB887 /* Main.storyboard */ = {
			isa = PBXVariantGroup;
			children = (
				67EC76731E1C727A007FB887 /* Base */,
			);
			name = Main.storyboard;
			sourceTree = "<group>";
		};
		67EC76771E1C727A007FB887 /* LaunchScreen.storyboard */ = {
			isa = PBXVariantGroup;
			children = (
				67EC76781E1C727A007FB887 /* Base */,
			);
			name = LaunchScreen.storyboard;
			sourceTree = "<group>";
		};
/* End PBXVariantGroup section */

/* Begin XCBuildConfiguration section */
		67EC767B1E1C727A007FB887 /* Debug */ = {
			isa = XCBuildConfiguration;
			buildSettings = {
				ALWAYS_SEARCH_USER_PATHS = NO;
				CLANG_ANALYZER_NONNULL = YES;
				CLANG_CXX_LANGUAGE_STANDARD = "gnu++0x";
				CLANG_CXX_LIBRARY = "libc++";
				CLANG_ENABLE_MODULES = YES;
				CLANG_ENABLE_OBJC_ARC = YES;
				CLANG_WARN_BOOL_CONVERSION = YES;
				CLANG_WARN_CONSTANT_CONVERSION = YES;
				CLANG_WARN_DIRECT_OBJC_ISA_USAGE = YES_ERROR;
				CLANG_WARN_DOCUMENTATION_COMMENTS = YES;
				CLANG_WARN_EMPTY_BODY = YES;
				CLANG_WARN_ENUM_CONVERSION = YES;
				CLANG_WARN_INFINITE_RECURSION = YES;
				CLANG_WARN_INT_CONVERSION = YES;
				CLANG_WARN_OBJC_ROOT_CLASS = YES_ERROR;
				CLANG_WARN_SUSPICIOUS_MOVE = YES;
				CLANG_WARN_UNREACHABLE_CODE = YES;
				CLANG_WARN__DUPLICATE_METHOD_MATCH = YES;
				"CODE_SIGN_IDENTITY[sdk=iphoneos*]" = "iPhone Developer";
				COPY_PHASE_STRIP = NO;
				DEBUG_INFORMATION_FORMAT = dwarf;
				ENABLE_STRICT_OBJC_MSGSEND = YES;
				ENABLE_TESTABILITY = YES;
				GCC_C_LANGUAGE_STANDARD = gnu99;
				GCC_DYNAMIC_NO_PIC = NO;
				GCC_NO_COMMON_BLOCKS = YES;
				GCC_OPTIMIZATION_LEVEL = 0;
				GCC_PREPROCESSOR_DEFINITIONS = (
					"DEBUG=1",
					"$(inherited)",
				);
				GCC_WARN_64_TO_32_BIT_CONVERSION = YES;
				GCC_WARN_ABOUT_RETURN_TYPE = YES_ERROR;
				GCC_WARN_UNDECLARED_SELECTOR = YES;
				GCC_WARN_UNINITIALIZED_AUTOS = YES_AGGRESSIVE;
				GCC_WARN_UNUSED_FUNCTION = YES;
				GCC_WARN_UNUSED_VARIABLE = YES;
				IPHONEOS_DEPLOYMENT_TARGET = 10.2;
				MTL_ENABLE_DEBUG_INFO = YES;
				ONLY_ACTIVE_ARCH = YES;
				SDKROOT = iphoneos;
				SWIFT_ACTIVE_COMPILATION_CONDITIONS = DEBUG;
				SWIFT_OPTIMIZATION_LEVEL = "-Onone";
				TARGETED_DEVICE_FAMILY = "1,2";
			};
			name = Debug;
		};
		67EC767C1E1C727A007FB887 /* Release */ = {
			isa = XCBuildConfiguration;
			buildSettings = {
				ALWAYS_SEARCH_USER_PATHS = NO;
				CLANG_ANALYZER_NONNULL = YES;
				CLANG_CXX_LANGUAGE_STANDARD = "gnu++0x";
				CLANG_CXX_LIBRARY = "libc++";
				CLANG_ENABLE_MODULES = YES;
				CLANG_ENABLE_OBJC_ARC = YES;
				CLANG_WARN_BOOL_CONVERSION = YES;
				CLANG_WARN_CONSTANT_CONVERSION = YES;
				CLANG_WARN_DIRECT_OBJC_ISA_USAGE = YES_ERROR;
				CLANG_WARN_DOCUMENTATION_COMMENTS = YES;
				CLANG_WARN_EMPTY_BODY = YES;
				CLANG_WARN_ENUM_CONVERSION = YES;
				CLANG_WARN_INFINITE_RECURSION = YES;
				CLANG_WARN_INT_CONVERSION = YES;
				CLANG_WARN_OBJC_ROOT_CLASS = YES_ERROR;
				CLANG_WARN_SUSPICIOUS_MOVE = YES;
				CLANG_WARN_UNREACHABLE_CODE = YES;
				CLANG_WARN__DUPLICATE_METHOD_MATCH = YES;
				"CODE_SIGN_IDENTITY[sdk=iphoneos*]" = "iPhone Developer";
				COPY_PHASE_STRIP = NO;
				DEBUG_INFORMATION_FORMAT = "dwarf-with-dsym";
				ENABLE_NS_ASSERTIONS = NO;
				ENABLE_STRICT_OBJC_MSGSEND = YES;
				GCC_C_LANGUAGE_STANDARD = gnu99;
				GCC_NO_COMMON_BLOCKS = YES;
				GCC_WARN_64_TO_32_BIT_CONVERSION = YES;
				GCC_WARN_ABOUT_RETURN_TYPE = YES_ERROR;
				GCC_WARN_UNDECLARED_SELECTOR = YES;
				GCC_WARN_UNINITIALIZED_AUTOS = YES_AGGRESSIVE;
				GCC_WARN_UNUSED_FUNCTION = YES;
				GCC_WARN_UNUSED_VARIABLE = YES;
				IPHONEOS_DEPLOYMENT_TARGET = 10.2;
				MTL_ENABLE_DEBUG_INFO = NO;
				SDKROOT = iphoneos;
				SWIFT_OPTIMIZATION_LEVEL = "-Owholemodule";
				TARGETED_DEVICE_FAMILY = "1,2";
				VALIDATE_PRODUCT = YES;
			};
			name = Release;
		};
		67EC767E1E1C727A007FB887 /* Debug */ = {
			isa = XCBuildConfiguration;
			buildSettings = {
				ASSETCATALOG_COMPILER_APPICON_NAME = AppIcon;
				DEVELOPMENT_TEAM = PW4Q8885U7;
				INFOPLIST_FILE = gifs/Info.plist;
				LD_RUNPATH_SEARCH_PATHS = "$(inherited) @executable_path/Frameworks";
				PRODUCT_BUNDLE_IDENTIFIER = com.eneff.app.gifs;
				PRODUCT_NAME = "$(TARGET_NAME)";
				SWIFT_VERSION = 3.0;
			};
			name = Debug;
		};
		67EC767F1E1C727A007FB887 /* Release */ = {
			isa = XCBuildConfiguration;
			buildSettings = {
				ASSETCATALOG_COMPILER_APPICON_NAME = AppIcon;
				DEVELOPMENT_TEAM = PW4Q8885U7;
				INFOPLIST_FILE = gifs/Info.plist;
				LD_RUNPATH_SEARCH_PATHS = "$(inherited) @executable_path/Frameworks";
				PRODUCT_BUNDLE_IDENTIFIER = com.eneff.app.gifs;
				PRODUCT_NAME = "$(TARGET_NAME)";
				SWIFT_VERSION = 3.0;
			};
			name = Release;
		};
/* End XCBuildConfiguration section */

/* Begin XCConfigurationList section */
		67EC76661E1C727A007FB887 /* Build configuration list for PBXProject "gifs" */ = {
			isa = XCConfigurationList;
			buildConfigurations = (
				67EC767B1E1C727A007FB887 /* Debug */,
				67EC767C1E1C727A007FB887 /* Release */,
			);
			defaultConfigurationIsVisible = 0;
			defaultConfigurationName = Release;
		};
		67EC767D1E1C727A007FB887 /* Build configuration list for PBXNativeTarget "gifs" */ = {
			isa = XCConfigurationList;
			buildConfigurations = (
				67EC767E1E1C727A007FB887 /* Debug */,
				67EC767F1E1C727A007FB887 /* Release */,
			);
			defaultConfigurationIsVisible = 0;
		};
/* End XCConfigurationList section */
	};
	rootObject = 67EC76631E1C727A007FB887 /* Project object */;
}
