// !$*UTF8*$!
{
	archiveVersion = 1;
	classes = {
	};
	objectVersion = 46;
	objects = {

/* Begin PBXBuildFile section */
		67EC766F1E1C727A007FB887 /* AppDelegate.swift in Sources */ = {isa = PBXBuildFile; fileRef = 67EC766E1E1C727A007FB887 /* AppDelegate.swift */; };
		67EC76761E1C727A007FB887 /* Assets.xcassets in Resources */ = {isa = PBXBuildFile; fileRef = 67EC76751E1C727A007FB887 /* Assets.xcassets */; };
		67EC76791E1C727A007FB887 /* LaunchScreen.storyboard in Resources */ = {isa = PBXBuildFile; fileRef = 67EC76771E1C727A007FB887 /* LaunchScreen.storyboard */; };
		67EC76BA1E1C7355007FB887 /* ChildTabBarController.swift in Sources */ = {isa = PBXBuildFile; fileRef = 67EC76AE1E1C7355007FB887 /* ChildTabBarController.swift */; };
		67EC76BB1E1C7355007FB887 /* Gif.swift in Sources */ = {isa = PBXBuildFile; fileRef = 67EC76AF1E1C7355007FB887 /* Gif.swift */; };
		67EC76BC1E1C7355007FB887 /* GifsCollection.swift in Sources */ = {isa = PBXBuildFile; fileRef = 67EC76B01E1C7355007FB887 /* GifsCollection.swift */; };
		67EC76BD1E1C7355007FB887 /* GifsCollectionCell.swift in Sources */ = {isa = PBXBuildFile; fileRef = 67EC76B11E1C7355007FB887 /* GifsCollectionCell.swift */; };
		67EC76BE1E1C7355007FB887 /* GifsModal.swift in Sources */ = {isa = PBXBuildFile; fileRef = 67EC76B21E1C7355007FB887 /* GifsModal.swift */; };
		67EC76BF1E1C7355007FB887 /* ParentNavigationController.swift in Sources */ = {isa = PBXBuildFile; fileRef = 67EC76B31E1C7355007FB887 /* ParentNavigationController.swift */; };
		67EC76C01E1C7355007FB887 /* ParentViewController.swift in Sources */ = {isa = PBXBuildFile; fileRef = 67EC76B41E1C7355007FB887 /* ParentViewController.swift */; };
		67EC76C11E1C7355007FB887 /* Remote.swift in Sources */ = {isa = PBXBuildFile; fileRef = 67EC76B51E1C7355007FB887 /* Remote.swift */; };
		67EC76C21E1C7355007FB887 /* VideosViewController.swift in Sources */ = {isa = PBXBuildFile; fileRef = 67EC76B61E1C7355007FB887 /* VideosViewController.swift */; };
		67EC76C31E1C7355007FB887 /* VideosViewControllerCell.swift in Sources */ = {isa = PBXBuildFile; fileRef = 67EC76B71E1C7355007FB887 /* VideosViewControllerCell.swift */; };
		67EC76CA1E1C7406007FB887 /* NavigateToFirstViewController.swift in Sources */ = {isa = PBXBuildFile; fileRef = 67EC76C91E1C7406007FB887 /* NavigateToFirstViewController.swift */; };
		A73B63B2A318246B446986FA /* Pods_gifs.framework in Frameworks */ = {isa = PBXBuildFile; fileRef = F528C19D7A5444655751CF7C /* Pods_gifs.framework */; };
/* End PBXBuildFile section */

/* Begin PBXFileReference section */
		67EC766B1E1C727A007FB887 /* gifs.app */ = {isa = PBXFileReference; explicitFileType = wrapper.application; includeInIndex = 0; path = gifs.app; sourceTree = BUILT_PRODUCTS_DIR; };
		67EC766E1E1C727A007FB887 /* AppDelegate.swift */ = {isa = PBXFileReference; lastKnownFileType = sourcecode.swift; path = AppDelegate.swift; sourceTree = "<group>"; };
		67EC76751E1C727A007FB887 /* Assets.xcassets */ = {isa = PBXFileReference; lastKnownFileType = folder.assetcatalog; path = Assets.xcassets; sourceTree = "<group>"; };
		67EC76781E1C727A007FB887 /* Base */ = {isa = PBXFileReference; lastKnownFileType = file.storyboard; name = Base; path = Base.lproj/LaunchScreen.storyboard; sourceTree = "<group>"; };
		67EC767A1E1C727A007FB887 /* Info.plist */ = {isa = PBXFileReference; lastKnownFileType = text.plist.xml; path = Info.plist; sourceTree = "<group>"; };
		67EC76AE1E1C7355007FB887 /* ChildTabBarController.swift */ = {isa = PBXFileReference; fileEncoding = 4; lastKnownFileType = sourcecode.swift; path = ChildTabBarController.swift; sourceTree = "<group>"; };
		67EC76AF1E1C7355007FB887 /* Gif.swift */ = {isa = PBXFileReference; fileEncoding = 4; lastKnownFileType = sourcecode.swift; path = Gif.swift; sourceTree = "<group>"; };
		67EC76B01E1C7355007FB887 /* GifsCollection.swift */ = {isa = PBXFileReference; fileEncoding = 4; lastKnownFileType = sourcecode.swift; path = GifsCollection.swift; sourceTree = "<group>"; };
		67EC76B11E1C7355007FB887 /* GifsCollectionCell.swift */ = {isa = PBXFileReference; fileEncoding = 4; lastKnownFileType = sourcecode.swift; path = GifsCollectionCell.swift; sourceTree = "<group>"; };
		67EC76B21E1C7355007FB887 /* GifsModal.swift */ = {isa = PBXFileReference; fileEncoding = 4; lastKnownFileType = sourcecode.swift; path = GifsModal.swift; sourceTree = "<group>"; };
		67EC76B31E1C7355007FB887 /* ParentNavigationController.swift */ = {isa = PBXFileReference; fileEncoding = 4; lastKnownFileType = sourcecode.swift; path = ParentNavigationController.swift; sourceTree = "<group>"; };
		67EC76B41E1C7355007FB887 /* ParentViewController.swift */ = {isa = PBXFileReference; fileEncoding = 4; lastKnownFileType = sourcecode.swift; path = ParentViewController.swift; sourceTree = "<group>"; };
		67EC76B51E1C7355007FB887 /* Remote.swift */ = {isa = PBXFileReference; fileEncoding = 4; lastKnownFileType = sourcecode.swift; path = Remote.swift; sourceTree = "<group>"; };
		67EC76B61E1C7355007FB887 /* VideosViewController.swift */ = {isa = PBXFileReference; fileEncoding = 4; lastKnownFileType = sourcecode.swift; path = VideosViewController.swift; sourceTree = "<group>"; };
		67EC76B71E1C7355007FB887 /* VideosViewControllerCell.swift */ = {isa = PBXFileReference; fileEncoding = 4; lastKnownFileType = sourcecode.swift; path = VideosViewControllerCell.swift; sourceTree = "<group>"; };
		67EC76C91E1C7406007FB887 /* NavigateToFirstViewController.swift */ = {isa = PBXFileReference; fileEncoding = 4; lastKnownFileType = sourcecode.swift; path = NavigateToFirstViewController.swift; sourceTree = "<group>"; };
		6DF64BA5E24C0C4F914CDE0D /* Pods-gifs.debug.xcconfig */ = {isa = PBXFileReference; includeInIndex = 1; lastKnownFileType = text.xcconfig; name = "Pods-gifs.debug.xcconfig"; path = "Pods/Target Support Files/Pods-gifs/Pods-gifs.debug.xcconfig"; sourceTree = "<group>"; };
		99C8EA788322F9268B56789A /* Pods-gifs.release.xcconfig */ = {isa = PBXFileReference; includeInIndex = 1; lastKnownFileType = text.xcconfig; name = "Pods-gifs.release.xcconfig"; path = "Pods/Target Support Files/Pods-gifs/Pods-gifs.release.xcconfig"; sourceTree = "<group>"; };
		F528C19D7A5444655751CF7C /* Pods_gifs.framework */ = {isa = PBXFileReference; explicitFileType = wrapper.framework; includeInIndex = 0; path = Pods_gifs.framework; sourceTree = BUILT_PRODUCTS_DIR; };
/* End PBXFileReference section */

/* Begin PBXFrameworksBuildPhase section */
		67EC76681E1C727A007FB887 /* Frameworks */ = {
			isa = PBXFrameworksBuildPhase;
			buildActionMask = 2147483647;
			files = (
				A73B63B2A318246B446986FA /* Pods_gifs.framework in Frameworks */,
			);
			runOnlyForDeploymentPostprocessing = 0;
		};
/* End PBXFrameworksBuildPhase section */

/* Begin PBXGroup section */
		67EC76621E1C727A007FB887 = {
			isa = PBXGroup;
			children = (
				67EC766D1E1C727A007FB887 /* gifs */,
				67EC766C1E1C727A007FB887 /* Products */,
				AC0B4313B76B2295E4CBB750 /* Pods */,
				C8CF51D3C5E9A8750644E691 /* Frameworks */,
			);
			sourceTree = "<group>";
		};
		67EC766C1E1C727A007FB887 /* Products */ = {
			isa = PBXGroup;
			children = (
				67EC766B1E1C727A007FB887 /* gifs.app */,
			);
			name = Products;
			sourceTree = "<group>";
		};
		67EC766D1E1C727A007FB887 /* gifs */ = {
			isa = PBXGroup;
			children = (
				67EC76C41E1C736E007FB887 /* app */,
				67EC76C51E1C7375007FB887 /* models */,
				67EC76C81E1C7398007FB887 /* features */,
				67EC76C61E1C737A007FB887 /* containers */,
			);
			path = gifs;
			sourceTree = "<group>";
		};
		67EC76C41E1C736E007FB887 /* app */ = {
			isa = PBXGroup;
			children = (
				67EC766E1E1C727A007FB887 /* AppDelegate.swift */,
				67EC76751E1C727A007FB887 /* Assets.xcassets */,
				67EC76771E1C727A007FB887 /* LaunchScreen.storyboard */,
				67EC767A1E1C727A007FB887 /* Info.plist */,
			);
			name = app;
			sourceTree = "<group>";
		};
		67EC76C51E1C7375007FB887 /* models */ = {
			isa = PBXGroup;
			children = (
				67EC76AF1E1C7355007FB887 /* Gif.swift */,
				67EC76B51E1C7355007FB887 /* Remote.swift */,
			);
			name = models;
			sourceTree = "<group>";
		};
		67EC76C61E1C737A007FB887 /* containers */ = {
			isa = PBXGroup;
			children = (
				67EC76CD1E1C9B2B007FB887 /* navigation */,
				67EC76CE1E1C9B34007FB887 /* tabs */,
				67EC76CC1E1C9A70007FB887 /* gifs */,
				67EC76CB1E1C9A68007FB887 /* videos */,
			);
			name = containers;
			sourceTree = "<group>";
		};
		67EC76C81E1C7398007FB887 /* features */ = {
			isa = PBXGroup;
			children = (
				67EC76C91E1C7406007FB887 /* NavigateToFirstViewController.swift */,
			);
			name = features;
			sourceTree = "<group>";
		};
		67EC76CB1E1C9A68007FB887 /* videos */ = {
			isa = PBXGroup;
			children = (
				67EC76B61E1C7355007FB887 /* VideosViewController.swift */,
				67EC76B71E1C7355007FB887 /* VideosViewControllerCell.swift */,
			);
			name = videos;
			sourceTree = "<group>";
		};
		67EC76CC1E1C9A70007FB887 /* gifs */ = {
			isa = PBXGroup;
			children = (
				67EC76B01E1C7355007FB887 /* GifsCollection.swift */,
				67EC76B11E1C7355007FB887 /* GifsCollectionCell.swift */,
				67EC76B21E1C7355007FB887 /* GifsModal.swift */,
			);
			name = gifs;
			sourceTree = "<group>";
		};
		67EC76CD1E1C9B2B007FB887 /* navigation */ = {
			isa = PBXGroup;
			children = (
				67EC76B31E1C7355007FB887 /* ParentNavigationController.swift */,
			);
			name = navigation;
			sourceTree = "<group>";
		};
		67EC76CE1E1C9B34007FB887 /* tabs */ = {
			isa = PBXGroup;
			children = (
				67EC76AE1E1C7355007FB887 /* ChildTabBarController.swift */,
				67EC76B41E1C7355007FB887 /* ParentViewController.swift */,
			);
			name = tabs;
			sourceTree = "<group>";
		};
		AC0B4313B76B2295E4CBB750 /* Pods */ = {
			isa = PBXGroup;
			children = (
				6DF64BA5E24C0C4F914CDE0D /* Pods-gifs.debug.xcconfig */,
				99C8EA788322F9268B56789A /* Pods-gifs.release.xcconfig */,
			);
			name = Pods;
			sourceTree = "<group>";
		};
		C8CF51D3C5E9A8750644E691 /* Frameworks */ = {
			isa = PBXGroup;
			children = (
				F528C19D7A5444655751CF7C /* Pods_gifs.framework */,
			);
			name = Frameworks;
			sourceTree = "<group>";
		};
/* End PBXGroup section */

/* Begin PBXNativeTarget section */
		67EC766A1E1C727A007FB887 /* gifs */ = {
			isa = PBXNativeTarget;
			buildConfigurationList = 67EC767D1E1C727A007FB887 /* Build configuration list for PBXNativeTarget "gifs" */;
			buildPhases = (
				BD7E243359A75669824515FD /* [CP] Check Pods Manifest.lock */,
				67EC76671E1C727A007FB887 /* Sources */,
				67EC76681E1C727A007FB887 /* Frameworks */,
				67EC76691E1C727A007FB887 /* Resources */,
				940883690A721BDF28F04BE3 /* [CP] Embed Pods Frameworks */,
				CAD5EB3941D465205D72AE7C /* [CP] Copy Pods Resources */,
			);
			buildRules = (
			);
			dependencies = (
			);
			name = gifs;
			productName = gifs;
			productReference = 67EC766B1E1C727A007FB887 /* gifs.app */;
			productType = "com.apple.product-type.application";
		};
/* End PBXNativeTarget section */

/* Begin PBXProject section */
		67EC76631E1C727A007FB887 /* Project object */ = {
			isa = PBXProject;
			attributes = {
				LastSwiftUpdateCheck = 0820;
				LastUpgradeCheck = 0820;
				ORGANIZATIONNAME = eneff;
				TargetAttributes = {
					67EC766A1E1C727A007FB887 = {
						CreatedOnToolsVersion = 8.2.1;
						DevelopmentTeam = PW4Q8885U7;
						ProvisioningStyle = Automatic;
					};
				};
			};
			buildConfigurationList = 67EC76661E1C727A007FB887 /* Build configuration list for PBXProject "gifs" */;
			compatibilityVersion = "Xcode 3.2";
			developmentRegion = English;
			hasScannedForEncodings = 0;
			knownRegions = (
				en,
				Base,
			);
			mainGroup = 67EC76621E1C727A007FB887;
			productRefGroup = 67EC766C1E1C727A007FB887 /* Products */;
			projectDirPath = "";
			projectRoot = "";
			targets = (
				67EC766A1E1C727A007FB887 /* gifs */,
			);
		};
/* End PBXProject section */

/* Begin PBXResourcesBuildPhase section */
		67EC76691E1C727A007FB887 /* Resources */ = {
			isa = PBXResourcesBuildPhase;
			buildActionMask = 2147483647;
			files = (
				67EC76791E1C727A007FB887 /* LaunchScreen.storyboard in Resources */,
				67EC76761E1C727A007FB887 /* Assets.xcassets in Resources */,
			);
			runOnlyForDeploymentPostprocessing = 0;
		};
/* End PBXResourcesBuildPhase section */

/* Begin PBXShellScriptBuildPhase section */
		940883690A721BDF28F04BE3 /* [CP] Embed Pods Frameworks */ = {
			isa = PBXShellScriptBuildPhase;
			buildActionMask = 2147483647;
			files = (
			);
			inputPaths = (
			);
			name = "[CP] Embed Pods Frameworks";
			outputPaths = (
			);
			runOnlyForDeploymentPostprocessing = 0;
			shellPath = /bin/sh;
			shellScript = "\"${SRCROOT}/Pods/Target Support Files/Pods-gifs/Pods-gifs-frameworks.sh\"\n";
			showEnvVarsInLog = 0;
		};
		BD7E243359A75669824515FD /* [CP] Check Pods Manifest.lock */ = {
			isa = PBXShellScriptBuildPhase;
			buildActionMask = 2147483647;
			files = (
			);
			inputPaths = (
			);
			name = "[CP] Check Pods Manifest.lock";
			outputPaths = (
			);
			runOnlyForDeploymentPostprocessing = 0;
			shellPath = /bin/sh;
			shellScript = "diff \"${PODS_ROOT}/../Podfile.lock\" \"${PODS_ROOT}/Manifest.lock\" > /dev/null\nif [ $? != 0 ] ; then\n    # print error to STDERR\n    echo \"error: The sandbox is not in sync with the Podfile.lock. Run 'pod install' or update your CocoaPods installation.\" >&2\n    exit 1\nfi\n";
			showEnvVarsInLog = 0;
		};
		CAD5EB3941D465205D72AE7C /* [CP] Copy Pods Resources */ = {
			isa = PBXShellScriptBuildPhase;
			buildActionMask = 2147483647;
			files = (
			);
			inputPaths = (
			);
			name = "[CP] Copy Pods Resources";
			outputPaths = (
			);
			runOnlyForDeploymentPostprocessing = 0;
			shellPath = /bin/sh;
			shellScript = "\"${SRCROOT}/Pods/Target Support Files/Pods-gifs/Pods-gifs-resources.sh\"\n";
			showEnvVarsInLog = 0;
		};
/* End PBXShellScriptBuildPhase section */

/* Begin PBXSourcesBuildPhase section */
		67EC76671E1C727A007FB887 /* Sources */ = {
			isa = PBXSourcesBuildPhase;
			buildActionMask = 2147483647;
			files = (
				67EC76C21E1C7355007FB887 /* VideosViewController.swift in Sources */,
				67EC76BC1E1C7355007FB887 /* GifsCollection.swift in Sources */,
				67EC76BA1E1C7355007FB887 /* ChildTabBarController.swift in Sources */,
				67EC76C31E1C7355007FB887 /* VideosViewControllerCell.swift in Sources */,
				67EC76C11E1C7355007FB887 /* Remote.swift in Sources */,
				67EC76BF1E1C7355007FB887 /* ParentNavigationController.swift in Sources */,
				67EC76BE1E1C7355007FB887 /* GifsModal.swift in Sources */,
				67EC76CA1E1C7406007FB887 /* NavigateToFirstViewController.swift in Sources */,
				67EC766F1E1C727A007FB887 /* AppDelegate.swift in Sources */,
				67EC76BD1E1C7355007FB887 /* GifsCollectionCell.swift in Sources */,
				67EC76C01E1C7355007FB887 /* ParentViewController.swift in Sources */,
				67EC76BB1E1C7355007FB887 /* Gif.swift in Sources */,
			);
			runOnlyForDeploymentPostprocessing = 0;
		};
/* End PBXSourcesBuildPhase section */

/* Begin PBXVariantGroup section */
		67EC76771E1C727A007FB887 /* LaunchScreen.storyboard */ = {
			isa = PBXVariantGroup;
			children = (
				67EC76781E1C727A007FB887 /* Base */,
			);
			name = LaunchScreen.storyboard;
			sourceTree = "<group>";
		};
/* End PBXVariantGroup section */

/* Begin XCBuildConfiguration section */
		67EC767B1E1C727A007FB887 /* Debug */ = {
			isa = XCBuildConfiguration;
			buildSettings = {
				ALWAYS_SEARCH_USER_PATHS = NO;
				CLANG_ANALYZER_NONNULL = YES;
				CLANG_CXX_LANGUAGE_STANDARD = "gnu++0x";
				CLANG_CXX_LIBRARY = "libc++";
				CLANG_ENABLE_MODULES = YES;
				CLANG_ENABLE_OBJC_ARC = YES;
				CLANG_WARN_BOOL_CONVERSION = YES;
				CLANG_WARN_CONSTANT_CONVERSION = YES;
				CLANG_WARN_DIRECT_OBJC_ISA_USAGE = YES_ERROR;
				CLANG_WARN_DOCUMENTATION_COMMENTS = YES;
				CLANG_WARN_EMPTY_BODY = YES;
				CLANG_WARN_ENUM_CONVERSION = YES;
				CLANG_WARN_INFINITE_RECURSION = YES;
				CLANG_WARN_INT_CONVERSION = YES;
				CLANG_WARN_OBJC_ROOT_CLASS = YES_ERROR;
				CLANG_WARN_SUSPICIOUS_MOVE = YES;
				CLANG_WARN_UNREACHABLE_CODE = YES;
				CLANG_WARN__DUPLICATE_METHOD_MATCH = YES;
				"CODE_SIGN_IDENTITY[sdk=iphoneos*]" = "iPhone Developer";
				COPY_PHASE_STRIP = NO;
				DEBUG_INFORMATION_FORMAT = dwarf;
				ENABLE_STRICT_OBJC_MSGSEND = YES;
				ENABLE_TESTABILITY = YES;
				GCC_C_LANGUAGE_STANDARD = gnu99;
				GCC_DYNAMIC_NO_PIC = NO;
				GCC_NO_COMMON_BLOCKS = YES;
				GCC_OPTIMIZATION_LEVEL = 0;
				GCC_PREPROCESSOR_DEFINITIONS = (
					"DEBUG=1",
					"$(inherited)",
				);
				GCC_WARN_64_TO_32_BIT_CONVERSION = YES;
				GCC_WARN_ABOUT_RETURN_TYPE = YES_ERROR;
				GCC_WARN_UNDECLARED_SELECTOR = YES;
				GCC_WARN_UNINITIALIZED_AUTOS = YES_AGGRESSIVE;
				GCC_WARN_UNUSED_FUNCTION = YES;
				GCC_WARN_UNUSED_VARIABLE = YES;
				IPHONEOS_DEPLOYMENT_TARGET = 8.0;
				MTL_ENABLE_DEBUG_INFO = YES;
				ONLY_ACTIVE_ARCH = YES;
				SDKROOT = iphoneos;
				SWIFT_ACTIVE_COMPILATION_CONDITIONS = DEBUG;
				SWIFT_OPTIMIZATION_LEVEL = "-Onone";
				TARGETED_DEVICE_FAMILY = "1,2";
			};
			name = Debug;
		};
		67EC767C1E1C727A007FB887 /* Release */ = {
			isa = XCBuildConfiguration;
			buildSettings = {
				ALWAYS_SEARCH_USER_PATHS = NO;
				CLANG_ANALYZER_NONNULL = YES;
				CLANG_CXX_LANGUAGE_STANDARD = "gnu++0x";
				CLANG_CXX_LIBRARY = "libc++";
				CLANG_ENABLE_MODULES = YES;
				CLANG_ENABLE_OBJC_ARC = YES;
				CLANG_WARN_BOOL_CONVERSION = YES;
				CLANG_WARN_CONSTANT_CONVERSION = YES;
				CLANG_WARN_DIRECT_OBJC_ISA_USAGE = YES_ERROR;
				CLANG_WARN_DOCUMENTATION_COMMENTS = YES;
				CLANG_WARN_EMPTY_BODY = YES;
				CLANG_WARN_ENUM_CONVERSION = YES;
				CLANG_WARN_INFINITE_RECURSION = YES;
				CLANG_WARN_INT_CONVERSION = YES;
				CLANG_WARN_OBJC_ROOT_CLASS = YES_ERROR;
				CLANG_WARN_SUSPICIOUS_MOVE = YES;
				CLANG_WARN_UNREACHABLE_CODE = YES;
				CLANG_WARN__DUPLICATE_METHOD_MATCH = YES;
				"CODE_SIGN_IDENTITY[sdk=iphoneos*]" = "iPhone Developer";
				COPY_PHASE_STRIP = NO;
				DEBUG_INFORMATION_FORMAT = "dwarf-with-dsym";
				ENABLE_NS_ASSERTIONS = NO;
				ENABLE_STRICT_OBJC_MSGSEND = YES;
				GCC_C_LANGUAGE_STANDARD = gnu99;
				GCC_NO_COMMON_BLOCKS = YES;
				GCC_WARN_64_TO_32_BIT_CONVERSION = YES;
				GCC_WARN_ABOUT_RETURN_TYPE = YES_ERROR;
				GCC_WARN_UNDECLARED_SELECTOR = YES;
				GCC_WARN_UNINITIALIZED_AUTOS = YES_AGGRESSIVE;
				GCC_WARN_UNUSED_FUNCTION = YES;
				GCC_WARN_UNUSED_VARIABLE = YES;
				IPHONEOS_DEPLOYMENT_TARGET = 8.0;
				MTL_ENABLE_DEBUG_INFO = NO;
				SDKROOT = iphoneos;
				SWIFT_OPTIMIZATION_LEVEL = "-Owholemodule";
				TARGETED_DEVICE_FAMILY = "1,2";
				VALIDATE_PRODUCT = YES;
			};
			name = Release;
		};
		67EC767E1E1C727A007FB887 /* Debug */ = {
			isa = XCBuildConfiguration;
			baseConfigurationReference = 6DF64BA5E24C0C4F914CDE0D /* Pods-gifs.debug.xcconfig */;
			buildSettings = {
				ALWAYS_EMBED_SWIFT_STANDARD_LIBRARIES = YES;
				ASSETCATALOG_COMPILER_APPICON_NAME = AppIcon;
				DEVELOPMENT_TEAM = PW4Q8885U7;
				INFOPLIST_FILE = gifs/Info.plist;
				LD_RUNPATH_SEARCH_PATHS = "$(inherited) @executable_path/Frameworks";
				PRODUCT_BUNDLE_IDENTIFIER = com.eneff.app.gifs;
				PRODUCT_NAME = "$(TARGET_NAME)";
				SWIFT_VERSION = 3.0;
			};
			name = Debug;
		};
		67EC767F1E1C727A007FB887 /* Release */ = {
			isa = XCBuildConfiguration;
			baseConfigurationReference = 99C8EA788322F9268B56789A /* Pods-gifs.release.xcconfig */;
			buildSettings = {
				ALWAYS_EMBED_SWIFT_STANDARD_LIBRARIES = YES;
				ASSETCATALOG_COMPILER_APPICON_NAME = AppIcon;
				DEVELOPMENT_TEAM = PW4Q8885U7;
				INFOPLIST_FILE = gifs/Info.plist;
				LD_RUNPATH_SEARCH_PATHS = "$(inherited) @executable_path/Frameworks";
				PRODUCT_BUNDLE_IDENTIFIER = com.eneff.app.gifs;
				PRODUCT_NAME = "$(TARGET_NAME)";
				SWIFT_VERSION = 3.0;
			};
			name = Release;
		};
/* End XCBuildConfiguration section */

/* Begin XCConfigurationList section */
		67EC76661E1C727A007FB887 /* Build configuration list for PBXProject "gifs" */ = {
			isa = XCConfigurationList;
			buildConfigurations = (
				67EC767B1E1C727A007FB887 /* Debug */,
				67EC767C1E1C727A007FB887 /* Release */,
			);
			defaultConfigurationIsVisible = 0;
			defaultConfigurationName = Release;
		};
		67EC767D1E1C727A007FB887 /* Build configuration list for PBXNativeTarget "gifs" */ = {
			isa = XCConfigurationList;
			buildConfigurations = (
				67EC767E1E1C727A007FB887 /* Debug */,
				67EC767F1E1C727A007FB887 /* Release */,
			);
			defaultConfigurationIsVisible = 0;
			defaultConfigurationName = Release;
		};
/* End XCConfigurationList section */
	};
	rootObject = 67EC76631E1C727A007FB887 /* Project object */;
}
